// !$*UTF8*$!
{
	archiveVersion = 1;
	classes = {
	};
	objectVersion = 46;
	objects = {

/* Begin PBXBuildFile section */
		F9CDBC901E14DCC6002E8E4F /* AppDelegate.swift in Sources */ = {isa = PBXBuildFile; fileRef = F9CDBC8F1E14DCC6002E8E4F /* AppDelegate.swift */; };
		F9CDBC921E14DCC6002E8E4F /* ViewController.swift in Sources */ = {isa = PBXBuildFile; fileRef = F9CDBC911E14DCC6002E8E4F /* ViewController.swift */; };
		F9CDBC951E14DCC6002E8E4F /* Main.storyboard in Resources */ = {isa = PBXBuildFile; fileRef = F9CDBC931E14DCC6002E8E4F /* Main.storyboard */; };
		F9CDBC971E14DCC6002E8E4F /* Assets.xcassets in Resources */ = {isa = PBXBuildFile; fileRef = F9CDBC961E14DCC6002E8E4F /* Assets.xcassets */; };
		F9CDBC9A1E14DCC6002E8E4F /* LaunchScreen.storyboard in Resources */ = {isa = PBXBuildFile; fileRef = F9CDBC981E14DCC6002E8E4F /* LaunchScreen.storyboard */; };
/* End PBXBuildFile section */

/* Begin PBXFileReference section */
		F9CDBC8C1E14DCC6002E8E4F /* SampleTableView.app */ = {isa = PBXFileReference; explicitFileType = wrapper.application; includeInIndex = 0; path = SampleTableView.app; sourceTree = BUILT_PRODUCTS_DIR; };
		F9CDBC8F1E14DCC6002E8E4F /* AppDelegate.swift */ = {isa = PBXFileReference; lastKnownFileType = sourcecode.swift; path = AppDelegate.swift; sourceTree = "<group>"; };
		F9CDBC911E14DCC6002E8E4F /* ViewController.swift */ = {isa = PBXFileReference; lastKnownFileType = sourcecode.swift; path = ViewController.swift; sourceTree = "<group>"; };
		F9CDBC941E14DCC6002E8E4F /* Base */ = {isa = PBXFileReference; lastKnownFileType = file.storyboard; name = Base; path = Base.lproj/Main.storyboard; sourceTree = "<group>"; };
		F9CDBC961E14DCC6002E8E4F /* Assets.xcassets */ = {isa = PBXFileReference; lastKnownFileType = folder.assetcatalog; path = Assets.xcassets; sourceTree = "<group>"; };
		F9CDBC991E14DCC6002E8E4F /* Base */ = {isa = PBXFileReference; lastKnownFileType = file.storyboard; name = Base; path = Base.lproj/LaunchScreen.storyboard; sourceTree = "<group>"; };
		F9CDBC9B1E14DCC6002E8E4F /* Info.plist */ = {isa = PBXFileReference; lastKnownFileType = text.plist.xml; path = Info.plist; sourceTree = "<group>"; };
/* End PBXFileReference section */

/* Begin PBXFrameworksBuildPhase section */
		F9CDBC891E14DCC6002E8E4F /* Frameworks */ = {
			isa = PBXFrameworksBuildPhase;
			buildActionMask = 2147483647;
			files = (
			);
			runOnlyForDeploymentPostprocessing = 0;
		};
/* End PBXFrameworksBuildPhase section */

/* Begin PBXGroup section */
		F9CDBC831E14DCC6002E8E4F = {
			isa = PBXGroup;
			children = (
				F9CDBC8E1E14DCC6002E8E4F /* SampleTableView */,
				F9CDBC8D1E14DCC6002E8E4F /* Products */,
			);
			sourceTree = "<group>";
		};
		F9CDBC8D1E14DCC6002E8E4F /* Products */ = {
			isa = PBXGroup;
			children = (
				F9CDBC8C1E14DCC6002E8E4F /* SampleTableView.app */,
			);
			name = Products;
			sourceTree = "<group>";
		};
		F9CDBC8E1E14DCC6002E8E4F /* SampleTableView */ = {
			isa = PBXGroup;
			children = (
				F9CDBC8F1E14DCC6002E8E4F /* AppDelegate.swift */,
				F9CDBC911E14DCC6002E8E4F /* ViewController.swift */,
				F9CDBC931E14DCC6002E8E4F /* Main.storyboard */,
				F9CDBC961E14DCC6002E8E4F /* Assets.xcassets */,
				F9CDBC981E14DCC6002E8E4F /* LaunchScreen.storyboard */,
				F9CDBC9B1E14DCC6002E8E4F /* Info.plist */,
			);
			path = SampleTableView;
			sourceTree = "<group>";
		};
/* End PBXGroup section */

/* Begin PBXNativeTarget section */
		F9CDBC8B1E14DCC6002E8E4F /* SampleTableView */ = {
			isa = PBXNativeTarget;
			buildConfigurationList = F9CDBC9E1E14DCC6002E8E4F /* Build configuration list for PBXNativeTarget "SampleTableView" */;
			buildPhases = (
				F9CDBC881E14DCC6002E8E4F /* Sources */,
				F9CDBC891E14DCC6002E8E4F /* Frameworks */,
				F9CDBC8A1E14DCC6002E8E4F /* Resources */,
			);
			buildRules = (
			);
			dependencies = (
			);
			name = SampleTableView;
			productName = SampleTableView;
			productReference = F9CDBC8C1E14DCC6002E8E4F /* SampleTableView.app */;
			productType = "com.apple.product-type.application";
		};
/* End PBXNativeTarget section */

/* Begin PBXProject section */
		F9CDBC841E14DCC6002E8E4F /* Project object */ = {
			isa = PBXProject;
			attributes = {
				LastSwiftUpdateCheck = 0730;
				LastUpgradeCheck = 0730;
				ORGANIZATIONNAME = spaceo;
				TargetAttributes = {
					F9CDBC8B1E14DCC6002E8E4F = {
						CreatedOnToolsVersion = 7.3.1;
					};
				};
			};
			buildConfigurationList = F9CDBC871E14DCC6002E8E4F /* Build configuration list for PBXProject "SampleTableView" */;
			compatibilityVersion = "Xcode 3.2";
			developmentRegion = English;
			hasScannedForEncodings = 0;
			knownRegions = (
				en,
				Base,
			);
			mainGroup = F9CDBC831E14DCC6002E8E4F;
			productRefGroup = F9CDBC8D1E14DCC6002E8E4F /* Products */;
			projectDirPath = "";
			projectRoot = "";
			targets = (
				F9CDBC8B1E14DCC6002E8E4F /* SampleTableView */,
			);
		};
/* End PBXProject section */

/* Begin PBXResourcesBuildPhase section */
		F9CDBC8A1E14DCC6002E8E4F /* Resources */ = {
			isa = PBXResourcesBuildPhase;
			buildActionMask = 2147483647;
			files = (
				F9CDBC9A1E14DCC6002E8E4F /* LaunchScreen.storyboard in Resources */,
				F9CDBC971E14DCC6002E8E4F /* Assets.xcassets in Resources */,
				F9CDBC951E14DCC6002E8E4F /* Main.storyboard in Resources */,
			);
			runOnlyForDeploymentPostprocessing = 0;
		};
/* End PBXResourcesBuildPhase section */

/* Begin PBXSourcesBuildPhase section */
		F9CDBC881E14DCC6002E8E4F /* Sources */ = {
			isa = PBXSourcesBuildPhase;
			buildActionMask = 2147483647;
			files = (
				F9CDBC921E14DCC6002E8E4F /* ViewController.swift in Sources */,
				F9CDBC901E14DCC6002E8E4F /* AppDelegate.swift in Sources */,
			);
			runOnlyForDeploymentPostprocessing = 0;
		};
/* End PBXSourcesBuildPhase section */

/* Begin PBXVariantGroup section */
		F9CDBC931E14DCC6002E8E4F /* Main.storyboard */ = {
			isa = PBXVariantGroup;
			children = (
				F9CDBC941E14DCC6002E8E4F /* Base */,
			);
			name = Main.storyboard;
			sourceTree = "<group>";
		};
		F9CDBC981E14DCC6002E8E4F /* LaunchScreen.storyboard */ = {
			isa = PBXVariantGroup;
			children = (
				F9CDBC991E14DCC6002E8E4F /* Base */,
			);
			name = LaunchScreen.storyboard;
			sourceTree = "<group>";
		};
/* End PBXVariantGroup section */

/* Begin XCBuildConfiguration section */
		F9CDBC9C1E14DCC6002E8E4F /* Debug */ = {
			isa = XCBuildConfiguration;
			buildSettings = {
				ALWAYS_SEARCH_USER_PATHS = NO;
				CLANG_ANALYZER_NONNULL = YES;
				CLANG_CXX_LANGUAGE_STANDARD = "gnu++0x";
				CLANG_CXX_LIBRARY = "libc++";
				CLANG_ENABLE_MODULES = YES;
				CLANG_ENABLE_OBJC_ARC = YES;
				CLANG_WARN_BOOL_CONVERSION = YES;
				CLANG_WARN_CONSTANT_CONVERSION = YES;
				CLANG_WARN_DIRECT_OBJC_ISA_USAGE = YES_ERROR;
				CLANG_WARN_EMPTY_BODY = YES;
				CLANG_WARN_ENUM_CONVERSION = YES;
				CLANG_WARN_INT_CONVERSION = YES;
				CLANG_WARN_OBJC_ROOT_CLASS = YES_ERROR;
				CLANG_WARN_UNREACHABLE_CODE = YES;
				CLANG_WARN__DUPLICATE_METHOD_MATCH = YES;
				"CODE_SIGN_IDENTITY[sdk=iphoneos*]" = "iPhone Developer";
				COPY_PHASE_STRIP = NO;
				DEBUG_INFORMATION_FORMAT = dwarf;
				ENABLE_STRICT_OBJC_MSGSEND = YES;
				ENABLE_TESTABILITY = YES;
				GCC_C_LANGUAGE_STANDARD = gnu99;
				GCC_DYNAMIC_NO_PIC = NO;
				GCC_NO_COMMON_BLOCKS = YES;
				GCC_OPTIMIZATION_LEVEL = 0;
				GCC_PREPROCESSOR_DEFINITIONS = (
					"DEBUG=1",
					"$(inherited)",
				);
				GCC_WARN_64_TO_32_BIT_CONVERSION = YES;
				GCC_WARN_ABOUT_RETURN_TYPE = YES_ERROR;
				GCC_WARN_UNDECLARED_SELECTOR = YES;
				GCC_WARN_UNINITIALIZED_AUTOS = YES_AGGRESSIVE;
				GCC_WARN_UNUSED_FUNCTION = YES;
				GCC_WARN_UNUSED_VARIABLE = YES;
				IPHONEOS_DEPLOYMENT_TARGET = 9.3;
				MTL_ENABLE_DEBUG_INFO = YES;
				ONLY_ACTIVE_ARCH = YES;
				SDKROOT = iphoneos;
				SWIFT_OPTIMIZATION_LEVEL = "-Onone";
			};
			name = Debug;
		};
		F9CDBC9D1E14DCC6002E8E4F /* Release */ = {
			isa = XCBuildConfiguration;
			buildSettings = {
				ALWAYS_SEARCH_USER_PATHS = NO;
				CLANG_ANALYZER_NONNULL = YES;
				CLANG_CXX_LANGUAGE_STANDARD = "gnu++0x";
				CLANG_CXX_LIBRARY = "libc++";
				CLANG_ENABLE_MODULES = YES;
				CLANG_ENABLE_OBJC_ARC = YES;
				CLANG_WARN_BOOL_CONVERSION = YES;
				CLANG_WARN_CONSTANT_CONVERSION = YES;
				CLANG_WARN_DIRECT_OBJC_ISA_USAGE = YES_ERROR;
				CLANG_WARN_EMPTY_BODY = YES;
				CLANG_WARN_ENUM_CONVERSION = YES;
				CLANG_WARN_INT_CONVERSION = YES;
				CLANG_WARN_OBJC_ROOT_CLASS = YES_ERROR;
				CLANG_WARN_UNREACHABLE_CODE = YES;
				CLANG_WARN__DUPLICATE_METHOD_MATCH = YES;
				"CODE_SIGN_IDENTITY[sdk=iphoneos*]" = "iPhone Developer";
				COPY_PHASE_STRIP = NO;
				DEBUG_INFORMATION_FORMAT = "dwarf-with-dsym";
				ENABLE_NS_ASSERTIONS = NO;
				ENABLE_STRICT_OBJC_MSGSEND = YES;
				GCC_C_LANGUAGE_STANDARD = gnu99;
				GCC_NO_COMMON_BLOCKS = YES;
				GCC_WARN_64_TO_32_BIT_CONVERSION = YES;
				GCC_WARN_ABOUT_RETURN_TYPE = YES_ERROR;
				GCC_WARN_UNDECLARED_SELECTOR = YES;
				GCC_WARN_UNINITIALIZED_AUTOS = YES_AGGRESSIVE;
				GCC_WARN_UNUSED_FUNCTION = YES;
				GCC_WARN_UNUSED_VARIABLE = YES;
				IPHONEOS_DEPLOYMENT_TARGET = 9.3;
				MTL_ENABLE_DEBUG_INFO = NO;
				SDKROOT = iphoneos;
				VALIDATE_PRODUCT = YES;
			};
			name = Release;
		};
		F9CDBC9F1E14DCC6002E8E4F /* Debug */ = {
			isa = XCBuildConfiguration;
			buildSettings = {
				ASSETCATALOG_COMPILER_APPICON_NAME = AppIcon;
				INFOPLIST_FILE = SampleTableView/Info.plist;
				LD_RUNPATH_SEARCH_PATHS = "$(inherited) @executable_path/Frameworks";
				PRODUCT_BUNDLE_IDENTIFIER = com.company.table.SampleTableView;
				PRODUCT_NAME = "$(TARGET_NAME)";
			};
			name = Debug;
		};
		F9CDBCA01E14DCC6002E8E4F /* Release */ = {
			isa = XCBuildConfiguration;
			buildSettings = {
				ASSETCATALOG_COMPILER_APPICON_NAME = AppIcon;
				INFOPLIST_FILE = SampleTableView/Info.plist;
				LD_RUNPATH_SEARCH_PATHS = "$(inherited) @executable_path/Frameworks";
				PRODUCT_BUNDLE_IDENTIFIER = com.company.table.SampleTableView;
				PRODUCT_NAME = "$(TARGET_NAME)";
			};
			name = Release;
		};
/* End XCBuildConfiguration section */

/* Begin XCConfigurationList section */
		F9CDBC871E14DCC6002E8E4F /* Build configuration list for PBXProject "SampleTableView" */ = {
			isa = XCConfigurationList;
			buildConfigurations = (
				F9CDBC9C1E14DCC6002E8E4F /* Debug */,
				F9CDBC9D1E14DCC6002E8E4F /* Release */,
			);
			defaultConfigurationIsVisible = 0;
			defaultConfigurationName = Release;
		};
		F9CDBC9E1E14DCC6002E8E4F /* Build configuration list for PBXNativeTarget "SampleTableView" */ = {
			isa = XCConfigurationList;
			buildConfigurations = (
				F9CDBC9F1E14DCC6002E8E4F /* Debug */,
				F9CDBCA01E14DCC6002E8E4F /* Release */,
			);
			defaultConfigurationIsVisible = 0;
		};
/* End XCConfigurationList section */
	};
	rootObject = F9CDBC841E14DCC6002E8E4F /* Project object */;
}
